// !$*UTF8*$!
{
	archiveVersion = 1;
	classes = {
	};
	objectVersion = 50;
	objects = {

/* Begin PBXBuildFile section */
		524A1C3125BD4E4300D3D7FA /* AppDelegate.swift in Sources */ = {isa = PBXBuildFile; fileRef = 524A1C3025BD4E4300D3D7FA /* AppDelegate.swift */; };
		524A1C3325BD4E4300D3D7FA /* SceneDelegate.swift in Sources */ = {isa = PBXBuildFile; fileRef = 524A1C3225BD4E4300D3D7FA /* SceneDelegate.swift */; };
		524A1C3525BD4E4300D3D7FA /* MainViewController.swift in Sources */ = {isa = PBXBuildFile; fileRef = 524A1C3425BD4E4300D3D7FA /* MainViewController.swift */; };
		524A1C3825BD4E4300D3D7FA /* Main.storyboard in Resources */ = {isa = PBXBuildFile; fileRef = 524A1C3625BD4E4300D3D7FA /* Main.storyboard */; };
		524A1C3B25BD4E4300D3D7FA /* Planets.xcdatamodeld in Sources */ = {isa = PBXBuildFile; fileRef = 524A1C3925BD4E4300D3D7FA /* Planets.xcdatamodeld */; };
		524A1C3D25BD4E4500D3D7FA /* Assets.xcassets in Resources */ = {isa = PBXBuildFile; fileRef = 524A1C3C25BD4E4500D3D7FA /* Assets.xcassets */; };
		524A1C4025BD4E4500D3D7FA /* LaunchScreen.storyboard in Resources */ = {isa = PBXBuildFile; fileRef = 524A1C3E25BD4E4500D3D7FA /* LaunchScreen.storyboard */; };
		524A1C4B25BD4E4500D3D7FA /* PlanetsTests.swift in Sources */ = {isa = PBXBuildFile; fileRef = 524A1C4A25BD4E4500D3D7FA /* PlanetsTests.swift */; };
		524A1C5625BD4E4500D3D7FA /* PlanetsUITests.swift in Sources */ = {isa = PBXBuildFile; fileRef = 524A1C5525BD4E4500D3D7FA /* PlanetsUITests.swift */; };
		524A1C6E25BD502D00D3D7FA /* Webservice.swift in Sources */ = {isa = PBXBuildFile; fileRef = 524A1C6D25BD502D00D3D7FA /* Webservice.swift */; };
		524A1C7625BD621A00D3D7FA /* PlanetWebService.swift in Sources */ = {isa = PBXBuildFile; fileRef = 524A1C7525BD621A00D3D7FA /* PlanetWebService.swift */; };
		524A1C8A25BD632000D3D7FA /* Planets.swift in Sources */ = {isa = PBXBuildFile; fileRef = 524A1C8925BD632000D3D7FA /* Planets.swift */; };
		524DA26F25BDB14400794ACF /* PlanetListViewModel.swift in Sources */ = {isa = PBXBuildFile; fileRef = 524DA26E25BDB14400794ACF /* PlanetListViewModel.swift */; };
		524DA27725BDBDB200794ACF /* PlanetCollectionViewCell.swift in Sources */ = {isa = PBXBuildFile; fileRef = 524DA27625BDBDB200794ACF /* PlanetCollectionViewCell.swift */; };
		524DA28425BEB13000794ACF /* PlanetDetailViewController.swift in Sources */ = {isa = PBXBuildFile; fileRef = 524DA28325BEB13000794ACF /* PlanetDetailViewController.swift */; };
		524DA28E25BEB9EC00794ACF /* Constants.swift in Sources */ = {isa = PBXBuildFile; fileRef = 524DA28D25BEB9EC00794ACF /* Constants.swift */; };
		524DA2A225BF3F3700794ACF /* PlanetEntity.swift in Sources */ = {isa = PBXBuildFile; fileRef = 524DA2A125BF3F3700794ACF /* PlanetEntity.swift */; };
		524DA2BF25BF8F4E00794ACF /* Planet.swift in Sources */ = {isa = PBXBuildFile; fileRef = 524DA2BE25BF8F4E00794ACF /* Planet.swift */; };
/* End PBXBuildFile section */

/* Begin PBXContainerItemProxy section */
		524A1C4725BD4E4500D3D7FA /* PBXContainerItemProxy */ = {
			isa = PBXContainerItemProxy;
			containerPortal = 524A1C2525BD4E4300D3D7FA /* Project object */;
			proxyType = 1;
			remoteGlobalIDString = 524A1C2C25BD4E4300D3D7FA;
			remoteInfo = Planets;
		};
		524A1C5225BD4E4500D3D7FA /* PBXContainerItemProxy */ = {
			isa = PBXContainerItemProxy;
			containerPortal = 524A1C2525BD4E4300D3D7FA /* Project object */;
			proxyType = 1;
			remoteGlobalIDString = 524A1C2C25BD4E4300D3D7FA;
			remoteInfo = Planets;
		};
/* End PBXContainerItemProxy section */

/* Begin PBXFileReference section */
		524A1C2D25BD4E4300D3D7FA /* Planets.app */ = {isa = PBXFileReference; explicitFileType = wrapper.application; includeInIndex = 0; path = Planets.app; sourceTree = BUILT_PRODUCTS_DIR; };
		524A1C3025BD4E4300D3D7FA /* AppDelegate.swift */ = {isa = PBXFileReference; lastKnownFileType = sourcecode.swift; path = AppDelegate.swift; sourceTree = "<group>"; };
		524A1C3225BD4E4300D3D7FA /* SceneDelegate.swift */ = {isa = PBXFileReference; lastKnownFileType = sourcecode.swift; path = SceneDelegate.swift; sourceTree = "<group>"; };
		524A1C3425BD4E4300D3D7FA /* MainViewController.swift */ = {isa = PBXFileReference; lastKnownFileType = sourcecode.swift; path = MainViewController.swift; sourceTree = "<group>"; };
		524A1C3725BD4E4300D3D7FA /* Base */ = {isa = PBXFileReference; lastKnownFileType = file.storyboard; name = Base; path = Base.lproj/Main.storyboard; sourceTree = "<group>"; };
		524A1C3A25BD4E4300D3D7FA /* Planets.xcdatamodel */ = {isa = PBXFileReference; lastKnownFileType = wrapper.xcdatamodel; path = Planets.xcdatamodel; sourceTree = "<group>"; };
		524A1C3C25BD4E4500D3D7FA /* Assets.xcassets */ = {isa = PBXFileReference; lastKnownFileType = folder.assetcatalog; path = Assets.xcassets; sourceTree = "<group>"; };
		524A1C3F25BD4E4500D3D7FA /* Base */ = {isa = PBXFileReference; lastKnownFileType = file.storyboard; name = Base; path = Base.lproj/LaunchScreen.storyboard; sourceTree = "<group>"; };
		524A1C4125BD4E4500D3D7FA /* Info.plist */ = {isa = PBXFileReference; lastKnownFileType = text.plist.xml; path = Info.plist; sourceTree = "<group>"; };
		524A1C4625BD4E4500D3D7FA /* PlanetsTests.xctest */ = {isa = PBXFileReference; explicitFileType = wrapper.cfbundle; includeInIndex = 0; path = PlanetsTests.xctest; sourceTree = BUILT_PRODUCTS_DIR; };
		524A1C4A25BD4E4500D3D7FA /* PlanetsTests.swift */ = {isa = PBXFileReference; lastKnownFileType = sourcecode.swift; path = PlanetsTests.swift; sourceTree = "<group>"; };
		524A1C4C25BD4E4500D3D7FA /* Info.plist */ = {isa = PBXFileReference; lastKnownFileType = text.plist.xml; path = Info.plist; sourceTree = "<group>"; };
		524A1C5125BD4E4500D3D7FA /* PlanetsUITests.xctest */ = {isa = PBXFileReference; explicitFileType = wrapper.cfbundle; includeInIndex = 0; path = PlanetsUITests.xctest; sourceTree = BUILT_PRODUCTS_DIR; };
		524A1C5525BD4E4500D3D7FA /* PlanetsUITests.swift */ = {isa = PBXFileReference; lastKnownFileType = sourcecode.swift; path = PlanetsUITests.swift; sourceTree = "<group>"; };
		524A1C5725BD4E4500D3D7FA /* Info.plist */ = {isa = PBXFileReference; lastKnownFileType = text.plist.xml; path = Info.plist; sourceTree = "<group>"; };
		524A1C6D25BD502D00D3D7FA /* Webservice.swift */ = {isa = PBXFileReference; lastKnownFileType = sourcecode.swift; path = Webservice.swift; sourceTree = "<group>"; };
		524A1C7525BD621A00D3D7FA /* PlanetWebService.swift */ = {isa = PBXFileReference; lastKnownFileType = sourcecode.swift; path = PlanetWebService.swift; sourceTree = "<group>"; };
		524A1C8925BD632000D3D7FA /* Planets.swift */ = {isa = PBXFileReference; lastKnownFileType = sourcecode.swift; path = Planets.swift; sourceTree = "<group>"; };
		524DA26E25BDB14400794ACF /* PlanetListViewModel.swift */ = {isa = PBXFileReference; lastKnownFileType = sourcecode.swift; path = PlanetListViewModel.swift; sourceTree = "<group>"; };
		524DA27625BDBDB200794ACF /* PlanetCollectionViewCell.swift */ = {isa = PBXFileReference; lastKnownFileType = sourcecode.swift; path = PlanetCollectionViewCell.swift; sourceTree = "<group>"; };
		524DA28325BEB13000794ACF /* PlanetDetailViewController.swift */ = {isa = PBXFileReference; lastKnownFileType = sourcecode.swift; path = PlanetDetailViewController.swift; sourceTree = "<group>"; };
		524DA28D25BEB9EC00794ACF /* Constants.swift */ = {isa = PBXFileReference; lastKnownFileType = sourcecode.swift; path = Constants.swift; sourceTree = "<group>"; };
		524DA2A125BF3F3700794ACF /* PlanetEntity.swift */ = {isa = PBXFileReference; lastKnownFileType = sourcecode.swift; path = PlanetEntity.swift; sourceTree = "<group>"; };
		524DA2BE25BF8F4E00794ACF /* Planet.swift */ = {isa = PBXFileReference; lastKnownFileType = sourcecode.swift; path = Planet.swift; sourceTree = "<group>"; };
/* End PBXFileReference section */

/* Begin PBXFrameworksBuildPhase section */
		524A1C2A25BD4E4300D3D7FA /* Frameworks */ = {
			isa = PBXFrameworksBuildPhase;
			buildActionMask = 2147483647;
			files = (
			);
			runOnlyForDeploymentPostprocessing = 0;
		};
		524A1C4325BD4E4500D3D7FA /* Frameworks */ = {
			isa = PBXFrameworksBuildPhase;
			buildActionMask = 2147483647;
			files = (
			);
			runOnlyForDeploymentPostprocessing = 0;
		};
		524A1C4E25BD4E4500D3D7FA /* Frameworks */ = {
			isa = PBXFrameworksBuildPhase;
			buildActionMask = 2147483647;
			files = (
			);
			runOnlyForDeploymentPostprocessing = 0;
		};
/* End PBXFrameworksBuildPhase section */

/* Begin PBXGroup section */
		524A1C2425BD4E4300D3D7FA = {
			isa = PBXGroup;
			children = (
				524A1C2F25BD4E4300D3D7FA /* Planets */,
				524A1C4925BD4E4500D3D7FA /* PlanetsTests */,
				524A1C5425BD4E4500D3D7FA /* PlanetsUITests */,
				524A1C2E25BD4E4300D3D7FA /* Products */,
			);
			sourceTree = "<group>";
		};
		524A1C2E25BD4E4300D3D7FA /* Products */ = {
			isa = PBXGroup;
			children = (
				524A1C2D25BD4E4300D3D7FA /* Planets.app */,
				524A1C4625BD4E4500D3D7FA /* PlanetsTests.xctest */,
				524A1C5125BD4E4500D3D7FA /* PlanetsUITests.xctest */,
			);
			name = Products;
			sourceTree = "<group>";
		};
		524A1C2F25BD4E4300D3D7FA /* Planets */ = {
			isa = PBXGroup;
			children = (
				524A1C4125BD4E4500D3D7FA /* Info.plist */,
				524A1C3E25BD4E4500D3D7FA /* LaunchScreen.storyboard */,
				524A1C3025BD4E4300D3D7FA /* AppDelegate.swift */,
				524A1C3225BD4E4300D3D7FA /* SceneDelegate.swift */,
				524DA29A25BF0AEF00794ACF /* DataModel */,
				524DA28C25BEB9C100794ACF /* Utilities */,
				524DA26D25BDB10100794ACF /* ViewModels */,
				524DA26825BDA4F400794ACF /* View */,
				524DA26125BD9EF300794ACF /* ViewController */,
				524A1C7A25BD627200D3D7FA /* Models */,
				524A1C6C25BD501000D3D7FA /* Networking */,
				524A1C3C25BD4E4500D3D7FA /* Assets.xcassets */,
			);
			path = Planets;
			sourceTree = "<group>";
		};
		524A1C4925BD4E4500D3D7FA /* PlanetsTests */ = {
			isa = PBXGroup;
			children = (
				524A1C4A25BD4E4500D3D7FA /* PlanetsTests.swift */,
				524A1C4C25BD4E4500D3D7FA /* Info.plist */,
			);
			path = PlanetsTests;
			sourceTree = "<group>";
		};
		524A1C5425BD4E4500D3D7FA /* PlanetsUITests */ = {
			isa = PBXGroup;
			children = (
				524A1C5525BD4E4500D3D7FA /* PlanetsUITests.swift */,
				524A1C5725BD4E4500D3D7FA /* Info.plist */,
			);
			path = PlanetsUITests;
			sourceTree = "<group>";
		};
		524A1C6C25BD501000D3D7FA /* Networking */ = {
			isa = PBXGroup;
			children = (
				524A1C6D25BD502D00D3D7FA /* Webservice.swift */,
				524A1C7525BD621A00D3D7FA /* PlanetWebService.swift */,
			);
			path = Networking;
			sourceTree = "<group>";
		};
		524A1C7A25BD627200D3D7FA /* Models */ = {
			isa = PBXGroup;
			children = (
				524A1C8925BD632000D3D7FA /* Planets.swift */,
				524DA2BE25BF8F4E00794ACF /* Planet.swift */,
			);
			path = Models;
			sourceTree = "<group>";
		};
		524DA26125BD9EF300794ACF /* ViewController */ = {
			isa = PBXGroup;
			children = (
				524A1C3425BD4E4300D3D7FA /* MainViewController.swift */,
				524DA28325BEB13000794ACF /* PlanetDetailViewController.swift */,
			);
			path = ViewController;
			sourceTree = "<group>";
		};
		524DA26825BDA4F400794ACF /* View */ = {
			isa = PBXGroup;
			children = (
				524A1C3625BD4E4300D3D7FA /* Main.storyboard */,
				524DA27625BDBDB200794ACF /* PlanetCollectionViewCell.swift */,
			);
			path = View;
			sourceTree = "<group>";
		};
		524DA26D25BDB10100794ACF /* ViewModels */ = {
			isa = PBXGroup;
			children = (
				524DA26E25BDB14400794ACF /* PlanetListViewModel.swift */,
			);
			path = ViewModels;
			sourceTree = "<group>";
		};
		524DA28C25BEB9C100794ACF /* Utilities */ = {
			isa = PBXGroup;
			children = (
				524DA28D25BEB9EC00794ACF /* Constants.swift */,
			);
			path = Utilities;
			sourceTree = "<group>";
		};
		524DA29A25BF0AEF00794ACF /* DataModel */ = {
			isa = PBXGroup;
			children = (
				524A1C3925BD4E4300D3D7FA /* Planets.xcdatamodeld */,
				524DA2A125BF3F3700794ACF /* PlanetEntity.swift */,
			);
			path = DataModel;
			sourceTree = "<group>";
		};
/* End PBXGroup section */

/* Begin PBXNativeTarget section */
		524A1C2C25BD4E4300D3D7FA /* Planets */ = {
			isa = PBXNativeTarget;
			buildConfigurationList = 524A1C5A25BD4E4500D3D7FA /* Build configuration list for PBXNativeTarget "Planets" */;
			buildPhases = (
				524A1C2925BD4E4300D3D7FA /* Sources */,
				524A1C2A25BD4E4300D3D7FA /* Frameworks */,
				524A1C2B25BD4E4300D3D7FA /* Resources */,
			);
			buildRules = (
			);
			dependencies = (
			);
			name = Planets;
			productName = Planets;
			productReference = 524A1C2D25BD4E4300D3D7FA /* Planets.app */;
			productType = "com.apple.product-type.application";
		};
		524A1C4525BD4E4500D3D7FA /* PlanetsTests */ = {
			isa = PBXNativeTarget;
			buildConfigurationList = 524A1C5D25BD4E4500D3D7FA /* Build configuration list for PBXNativeTarget "PlanetsTests" */;
			buildPhases = (
				524A1C4225BD4E4500D3D7FA /* Sources */,
				524A1C4325BD4E4500D3D7FA /* Frameworks */,
				524A1C4425BD4E4500D3D7FA /* Resources */,
			);
			buildRules = (
			);
			dependencies = (
				524A1C4825BD4E4500D3D7FA /* PBXTargetDependency */,
			);
			name = PlanetsTests;
			productName = PlanetsTests;
			productReference = 524A1C4625BD4E4500D3D7FA /* PlanetsTests.xctest */;
			productType = "com.apple.product-type.bundle.unit-test";
		};
		524A1C5025BD4E4500D3D7FA /* PlanetsUITests */ = {
			isa = PBXNativeTarget;
			buildConfigurationList = 524A1C6025BD4E4500D3D7FA /* Build configuration list for PBXNativeTarget "PlanetsUITests" */;
			buildPhases = (
				524A1C4D25BD4E4500D3D7FA /* Sources */,
				524A1C4E25BD4E4500D3D7FA /* Frameworks */,
				524A1C4F25BD4E4500D3D7FA /* Resources */,
			);
			buildRules = (
			);
			dependencies = (
				524A1C5325BD4E4500D3D7FA /* PBXTargetDependency */,
			);
			name = PlanetsUITests;
			productName = PlanetsUITests;
			productReference = 524A1C5125BD4E4500D3D7FA /* PlanetsUITests.xctest */;
			productType = "com.apple.product-type.bundle.ui-testing";
		};
/* End PBXNativeTarget section */

/* Begin PBXProject section */
		524A1C2525BD4E4300D3D7FA /* Project object */ = {
			isa = PBXProject;
			attributes = {
				LastSwiftUpdateCheck = 1230;
				LastUpgradeCheck = 1230;
				TargetAttributes = {
					524A1C2C25BD4E4300D3D7FA = {
						CreatedOnToolsVersion = 12.3;
					};
					524A1C4525BD4E4500D3D7FA = {
						CreatedOnToolsVersion = 12.3;
						TestTargetID = 524A1C2C25BD4E4300D3D7FA;
					};
					524A1C5025BD4E4500D3D7FA = {
						CreatedOnToolsVersion = 12.3;
						TestTargetID = 524A1C2C25BD4E4300D3D7FA;
					};
				};
			};
			buildConfigurationList = 524A1C2825BD4E4300D3D7FA /* Build configuration list for PBXProject "Planets" */;
			compatibilityVersion = "Xcode 9.3";
			developmentRegion = en;
			hasScannedForEncodings = 0;
			knownRegions = (
				en,
				Base,
			);
			mainGroup = 524A1C2425BD4E4300D3D7FA;
			productRefGroup = 524A1C2E25BD4E4300D3D7FA /* Products */;
			projectDirPath = "";
			projectRoot = "";
			targets = (
				524A1C2C25BD4E4300D3D7FA /* Planets */,
				524A1C4525BD4E4500D3D7FA /* PlanetsTests */,
				524A1C5025BD4E4500D3D7FA /* PlanetsUITests */,
			);
		};
/* End PBXProject section */

/* Begin PBXResourcesBuildPhase section */
		524A1C2B25BD4E4300D3D7FA /* Resources */ = {
			isa = PBXResourcesBuildPhase;
			buildActionMask = 2147483647;
			files = (
				524A1C4025BD4E4500D3D7FA /* LaunchScreen.storyboard in Resources */,
				524A1C3D25BD4E4500D3D7FA /* Assets.xcassets in Resources */,
				524A1C3825BD4E4300D3D7FA /* Main.storyboard in Resources */,
			);
			runOnlyForDeploymentPostprocessing = 0;
		};
		524A1C4425BD4E4500D3D7FA /* Resources */ = {
			isa = PBXResourcesBuildPhase;
			buildActionMask = 2147483647;
			files = (
			);
			runOnlyForDeploymentPostprocessing = 0;
		};
		524A1C4F25BD4E4500D3D7FA /* Resources */ = {
			isa = PBXResourcesBuildPhase;
			buildActionMask = 2147483647;
			files = (
			);
			runOnlyForDeploymentPostprocessing = 0;
		};
/* End PBXResourcesBuildPhase section */

/* Begin PBXSourcesBuildPhase section */
		524A1C2925BD4E4300D3D7FA /* Sources */ = {
			isa = PBXSourcesBuildPhase;
			buildActionMask = 2147483647;
			files = (
				524DA26F25BDB14400794ACF /* PlanetListViewModel.swift in Sources */,
				524DA28E25BEB9EC00794ACF /* Constants.swift in Sources */,
				524DA2A225BF3F3700794ACF /* PlanetEntity.swift in Sources */,
				524A1C3525BD4E4300D3D7FA /* MainViewController.swift in Sources */,
				524A1C8A25BD632000D3D7FA /* Planets.swift in Sources */,
				524DA2BF25BF8F4E00794ACF /* Planet.swift in Sources */,
				524A1C3125BD4E4300D3D7FA /* AppDelegate.swift in Sources */,
				524DA28425BEB13000794ACF /* PlanetDetailViewController.swift in Sources */,
				524A1C3325BD4E4300D3D7FA /* SceneDelegate.swift in Sources */,
				524A1C6E25BD502D00D3D7FA /* Webservice.swift in Sources */,
				524A1C7625BD621A00D3D7FA /* PlanetWebService.swift in Sources */,
				524A1C3B25BD4E4300D3D7FA /* Planets.xcdatamodeld in Sources */,
				524DA27725BDBDB200794ACF /* PlanetCollectionViewCell.swift in Sources */,
			);
			runOnlyForDeploymentPostprocessing = 0;
		};
		524A1C4225BD4E4500D3D7FA /* Sources */ = {
			isa = PBXSourcesBuildPhase;
			buildActionMask = 2147483647;
			files = (
				524A1C4B25BD4E4500D3D7FA /* PlanetsTests.swift in Sources */,
			);
			runOnlyForDeploymentPostprocessing = 0;
		};
		524A1C4D25BD4E4500D3D7FA /* Sources */ = {
			isa = PBXSourcesBuildPhase;
			buildActionMask = 2147483647;
			files = (
				524A1C5625BD4E4500D3D7FA /* PlanetsUITests.swift in Sources */,
			);
			runOnlyForDeploymentPostprocessing = 0;
		};
/* End PBXSourcesBuildPhase section */

/* Begin PBXTargetDependency section */
		524A1C4825BD4E4500D3D7FA /* PBXTargetDependency */ = {
			isa = PBXTargetDependency;
			target = 524A1C2C25BD4E4300D3D7FA /* Planets */;
			targetProxy = 524A1C4725BD4E4500D3D7FA /* PBXContainerItemProxy */;
		};
		524A1C5325BD4E4500D3D7FA /* PBXTargetDependency */ = {
			isa = PBXTargetDependency;
			target = 524A1C2C25BD4E4300D3D7FA /* Planets */;
			targetProxy = 524A1C5225BD4E4500D3D7FA /* PBXContainerItemProxy */;
		};
/* End PBXTargetDependency section */

/* Begin PBXVariantGroup section */
		524A1C3625BD4E4300D3D7FA /* Main.storyboard */ = {
			isa = PBXVariantGroup;
			children = (
				524A1C3725BD4E4300D3D7FA /* Base */,
			);
			name = Main.storyboard;
			sourceTree = "<group>";
		};
		524A1C3E25BD4E4500D3D7FA /* LaunchScreen.storyboard */ = {
			isa = PBXVariantGroup;
			children = (
				524A1C3F25BD4E4500D3D7FA /* Base */,
			);
			name = LaunchScreen.storyboard;
			sourceTree = "<group>";
		};
/* End PBXVariantGroup section */

/* Begin XCBuildConfiguration section */
		524A1C5825BD4E4500D3D7FA /* Debug */ = {
			isa = XCBuildConfiguration;
			buildSettings = {
				ALWAYS_SEARCH_USER_PATHS = NO;
				CLANG_ANALYZER_NONNULL = YES;
				CLANG_ANALYZER_NUMBER_OBJECT_CONVERSION = YES_AGGRESSIVE;
				CLANG_CXX_LANGUAGE_STANDARD = "gnu++14";
				CLANG_CXX_LIBRARY = "libc++";
				CLANG_ENABLE_MODULES = YES;
				CLANG_ENABLE_OBJC_ARC = YES;
				CLANG_ENABLE_OBJC_WEAK = YES;
				CLANG_WARN_BLOCK_CAPTURE_AUTORELEASING = YES;
				CLANG_WARN_BOOL_CONVERSION = YES;
				CLANG_WARN_COMMA = YES;
				CLANG_WARN_CONSTANT_CONVERSION = YES;
				CLANG_WARN_DEPRECATED_OBJC_IMPLEMENTATIONS = YES;
				CLANG_WARN_DIRECT_OBJC_ISA_USAGE = YES_ERROR;
				CLANG_WARN_DOCUMENTATION_COMMENTS = YES;
				CLANG_WARN_EMPTY_BODY = YES;
				CLANG_WARN_ENUM_CONVERSION = YES;
				CLANG_WARN_INFINITE_RECURSION = YES;
				CLANG_WARN_INT_CONVERSION = YES;
				CLANG_WARN_NON_LITERAL_NULL_CONVERSION = YES;
				CLANG_WARN_OBJC_IMPLICIT_RETAIN_SELF = YES;
				CLANG_WARN_OBJC_LITERAL_CONVERSION = YES;
				CLANG_WARN_OBJC_ROOT_CLASS = YES_ERROR;
				CLANG_WARN_QUOTED_INCLUDE_IN_FRAMEWORK_HEADER = YES;
				CLANG_WARN_RANGE_LOOP_ANALYSIS = YES;
				CLANG_WARN_STRICT_PROTOTYPES = YES;
				CLANG_WARN_SUSPICIOUS_MOVE = YES;
				CLANG_WARN_UNGUARDED_AVAILABILITY = YES_AGGRESSIVE;
				CLANG_WARN_UNREACHABLE_CODE = YES;
				CLANG_WARN__DUPLICATE_METHOD_MATCH = YES;
				COPY_PHASE_STRIP = NO;
				DEBUG_INFORMATION_FORMAT = dwarf;
				ENABLE_STRICT_OBJC_MSGSEND = YES;
				ENABLE_TESTABILITY = YES;
				GCC_C_LANGUAGE_STANDARD = gnu11;
				GCC_DYNAMIC_NO_PIC = NO;
				GCC_NO_COMMON_BLOCKS = YES;
				GCC_OPTIMIZATION_LEVEL = 0;
				GCC_PREPROCESSOR_DEFINITIONS = (
					"DEBUG=1",
					"$(inherited)",
				);
				GCC_WARN_64_TO_32_BIT_CONVERSION = YES;
				GCC_WARN_ABOUT_RETURN_TYPE = YES_ERROR;
				GCC_WARN_UNDECLARED_SELECTOR = YES;
				GCC_WARN_UNINITIALIZED_AUTOS = YES_AGGRESSIVE;
				GCC_WARN_UNUSED_FUNCTION = YES;
				GCC_WARN_UNUSED_VARIABLE = YES;
				IPHONEOS_DEPLOYMENT_TARGET = 14.3;
				MTL_ENABLE_DEBUG_INFO = INCLUDE_SOURCE;
				MTL_FAST_MATH = YES;
				ONLY_ACTIVE_ARCH = YES;
				SDKROOT = iphoneos;
				SWIFT_ACTIVE_COMPILATION_CONDITIONS = DEBUG;
				SWIFT_OPTIMIZATION_LEVEL = "-Onone";
			};
			name = Debug;
		};
		524A1C5925BD4E4500D3D7FA /* Release */ = {
			isa = XCBuildConfiguration;
			buildSettings = {
				ALWAYS_SEARCH_USER_PATHS = NO;
				CLANG_ANALYZER_NONNULL = YES;
				CLANG_ANALYZER_NUMBER_OBJECT_CONVERSION = YES_AGGRESSIVE;
				CLANG_CXX_LANGUAGE_STANDARD = "gnu++14";
				CLANG_CXX_LIBRARY = "libc++";
				CLANG_ENABLE_MODULES = YES;
				CLANG_ENABLE_OBJC_ARC = YES;
				CLANG_ENABLE_OBJC_WEAK = YES;
				CLANG_WARN_BLOCK_CAPTURE_AUTORELEASING = YES;
				CLANG_WARN_BOOL_CONVERSION = YES;
				CLANG_WARN_COMMA = YES;
				CLANG_WARN_CONSTANT_CONVERSION = YES;
				CLANG_WARN_DEPRECATED_OBJC_IMPLEMENTATIONS = YES;
				CLANG_WARN_DIRECT_OBJC_ISA_USAGE = YES_ERROR;
				CLANG_WARN_DOCUMENTATION_COMMENTS = YES;
				CLANG_WARN_EMPTY_BODY = YES;
				CLANG_WARN_ENUM_CONVERSION = YES;
				CLANG_WARN_INFINITE_RECURSION = YES;
				CLANG_WARN_INT_CONVERSION = YES;
				CLANG_WARN_NON_LITERAL_NULL_CONVERSION = YES;
				CLANG_WARN_OBJC_IMPLICIT_RETAIN_SELF = YES;
				CLANG_WARN_OBJC_LITERAL_CONVERSION = YES;
				CLANG_WARN_OBJC_ROOT_CLASS = YES_ERROR;
				CLANG_WARN_QUOTED_INCLUDE_IN_FRAMEWORK_HEADER = YES;
				CLANG_WARN_RANGE_LOOP_ANALYSIS = YES;
				CLANG_WARN_STRICT_PROTOTYPES = YES;
				CLANG_WARN_SUSPICIOUS_MOVE = YES;
				CLANG_WARN_UNGUARDED_AVAILABILITY = YES_AGGRESSIVE;
				CLANG_WARN_UNREACHABLE_CODE = YES;
				CLANG_WARN__DUPLICATE_METHOD_MATCH = YES;
				COPY_PHASE_STRIP = NO;
				DEBUG_INFORMATION_FORMAT = "dwarf-with-dsym";
				ENABLE_NS_ASSERTIONS = NO;
				ENABLE_STRICT_OBJC_MSGSEND = YES;
				GCC_C_LANGUAGE_STANDARD = gnu11;
				GCC_NO_COMMON_BLOCKS = YES;
				GCC_WARN_64_TO_32_BIT_CONVERSION = YES;
				GCC_WARN_ABOUT_RETURN_TYPE = YES_ERROR;
				GCC_WARN_UNDECLARED_SELECTOR = YES;
				GCC_WARN_UNINITIALIZED_AUTOS = YES_AGGRESSIVE;
				GCC_WARN_UNUSED_FUNCTION = YES;
				GCC_WARN_UNUSED_VARIABLE = YES;
				IPHONEOS_DEPLOYMENT_TARGET = 14.3;
				MTL_ENABLE_DEBUG_INFO = NO;
				MTL_FAST_MATH = YES;
				SDKROOT = iphoneos;
				SWIFT_COMPILATION_MODE = wholemodule;
				SWIFT_OPTIMIZATION_LEVEL = "-O";
				VALIDATE_PRODUCT = YES;
			};
			name = Release;
		};
		524A1C5B25BD4E4500D3D7FA /* Debug */ = {
			isa = XCBuildConfiguration;
			buildSettings = {
				ASSETCATALOG_COMPILER_APPICON_NAME = AppIcon;
				ASSETCATALOG_COMPILER_GLOBAL_ACCENT_COLOR_NAME = AccentColor;
				CODE_SIGN_STYLE = Automatic;
				INFOPLIST_FILE = Planets/Info.plist;
				IPHONEOS_DEPLOYMENT_TARGET = 13.0;
				LD_RUNPATH_SEARCH_PATHS = (
					"$(inherited)",
					"@executable_path/Frameworks",
				);
				PRODUCT_BUNDLE_IDENTIFIER = com.huseyinYolasigmazoglu.Planets;
				PRODUCT_NAME = "$(TARGET_NAME)";
				SWIFT_VERSION = 5.0;
				TARGETED_DEVICE_FAMILY = "1,2";
			};
			name = Debug;
		};
		524A1C5C25BD4E4500D3D7FA /* Release */ = {
			isa = XCBuildConfiguration;
			buildSettings = {
				ASSETCATALOG_COMPILER_APPICON_NAME = AppIcon;
				ASSETCATALOG_COMPILER_GLOBAL_ACCENT_COLOR_NAME = AccentColor;
				CODE_SIGN_STYLE = Automatic;
				INFOPLIST_FILE = Planets/Info.plist;
				IPHONEOS_DEPLOYMENT_TARGET = 13.0;
				LD_RUNPATH_SEARCH_PATHS = (
					"$(inherited)",
					"@executable_path/Frameworks",
				);
				PRODUCT_BUNDLE_IDENTIFIER = com.huseyinYolasigmazoglu.Planets;
				PRODUCT_NAME = "$(TARGET_NAME)";
				SWIFT_VERSION = 5.0;
				TARGETED_DEVICE_FAMILY = "1,2";
			};
			name = Release;
		};
		524A1C5E25BD4E4500D3D7FA /* Debug */ = {
			isa = XCBuildConfiguration;
			buildSettings = {
				ALWAYS_EMBED_SWIFT_STANDARD_LIBRARIES = YES;
				BUNDLE_LOADER = "$(TEST_HOST)";
				CODE_SIGN_STYLE = Automatic;
				INFOPLIST_FILE = PlanetsTests/Info.plist;
				IPHONEOS_DEPLOYMENT_TARGET = 14.3;
				LD_RUNPATH_SEARCH_PATHS = (
					"$(inherited)",
					"@executable_path/Frameworks",
					"@loader_path/Frameworks",
				);
				PRODUCT_BUNDLE_IDENTIFIER = com.huseyinYolasigmazoglu.PlanetsTests;
				PRODUCT_NAME = "$(TARGET_NAME)";
				SWIFT_VERSION = 5.0;
				TARGETED_DEVICE_FAMILY = "1,2";
				TEST_HOST = "$(BUILT_PRODUCTS_DIR)/Planets.app/Planets";
			};
			name = Debug;
		};
		524A1C5F25BD4E4500D3D7FA /* Release */ = {
			isa = XCBuildConfiguration;
			buildSettings = {
				ALWAYS_EMBED_SWIFT_STANDARD_LIBRARIES = YES;
				BUNDLE_LOADER = "$(TEST_HOST)";
				CODE_SIGN_STYLE = Automatic;
				INFOPLIST_FILE = PlanetsTests/Info.plist;
				IPHONEOS_DEPLOYMENT_TARGET = 14.3;
				LD_RUNPATH_SEARCH_PATHS = (
					"$(inherited)",
					"@executable_path/Frameworks",
					"@loader_path/Frameworks",
				);
				PRODUCT_BUNDLE_IDENTIFIER = com.huseyinYolasigmazoglu.PlanetsTests;
				PRODUCT_NAME = "$(TARGET_NAME)";
				SWIFT_VERSION = 5.0;
				TARGETED_DEVICE_FAMILY = "1,2";
				TEST_HOST = "$(BUILT_PRODUCTS_DIR)/Planets.app/Planets";
			};
			name = Release;
		};
		524A1C6125BD4E4500D3D7FA /* Debug */ = {
			isa = XCBuildConfiguration;
			buildSettings = {
				ALWAYS_EMBED_SWIFT_STANDARD_LIBRARIES = YES;
				CODE_SIGN_STYLE = Automatic;
				INFOPLIST_FILE = PlanetsUITests/Info.plist;
				LD_RUNPATH_SEARCH_PATHS = (
					"$(inherited)",
					"@executable_path/Frameworks",
					"@loader_path/Frameworks",
				);
				PRODUCT_BUNDLE_IDENTIFIER = com.huseyinYolasigmazoglu.PlanetsUITests;
				PRODUCT_NAME = "$(TARGET_NAME)";
				SWIFT_VERSION = 5.0;
				TARGETED_DEVICE_FAMILY = "1,2";
				TEST_TARGET_NAME = Planets;
			};
			name = Debug;
		};
		524A1C6225BD4E4500D3D7FA /* Release */ = {
			isa = XCBuildConfiguration;
			buildSettings = {
				ALWAYS_EMBED_SWIFT_STANDARD_LIBRARIES = YES;
				CODE_SIGN_STYLE = Automatic;
				INFOPLIST_FILE = PlanetsUITests/Info.plist;
				LD_RUNPATH_SEARCH_PATHS = (
					"$(inherited)",
					"@executable_path/Frameworks",
					"@loader_path/Frameworks",
				);
				PRODUCT_BUNDLE_IDENTIFIER = com.huseyinYolasigmazoglu.PlanetsUITests;
				PRODUCT_NAME = "$(TARGET_NAME)";
				SWIFT_VERSION = 5.0;
				TARGETED_DEVICE_FAMILY = "1,2";
				TEST_TARGET_NAME = Planets;
			};
			name = Release;
		};
/* End XCBuildConfiguration section */

/* Begin XCConfigurationList section */
		524A1C2825BD4E4300D3D7FA /* Build configuration list for PBXProject "Planets" */ = {
			isa = XCConfigurationList;
			buildConfigurations = (
				524A1C5825BD4E4500D3D7FA /* Debug */,
				524A1C5925BD4E4500D3D7FA /* Release */,
			);
			defaultConfigurationIsVisible = 0;
			defaultConfigurationName = Release;
		};
		524A1C5A25BD4E4500D3D7FA /* Build configuration list for PBXNativeTarget "Planets" */ = {
			isa = XCConfigurationList;
			buildConfigurations = (
				524A1C5B25BD4E4500D3D7FA /* Debug */,
				524A1C5C25BD4E4500D3D7FA /* Release */,
			);
			defaultConfigurationIsVisible = 0;
			defaultConfigurationName = Release;
		};
		524A1C5D25BD4E4500D3D7FA /* Build configuration list for PBXNativeTarget "PlanetsTests" */ = {
			isa = XCConfigurationList;
			buildConfigurations = (
				524A1C5E25BD4E4500D3D7FA /* Debug */,
				524A1C5F25BD4E4500D3D7FA /* Release */,
			);
			defaultConfigurationIsVisible = 0;
			defaultConfigurationName = Release;
		};
		524A1C6025BD4E4500D3D7FA /* Build configuration list for PBXNativeTarget "PlanetsUITests" */ = {
			isa = XCConfigurationList;
			buildConfigurations = (
				524A1C6125BD4E4500D3D7FA /* Debug */,
				524A1C6225BD4E4500D3D7FA /* Release */,
			);
			defaultConfigurationIsVisible = 0;
			defaultConfigurationName = Release;
		};
/* End XCConfigurationList section */

/* Begin XCVersionGroup section */
		524A1C3925BD4E4300D3D7FA /* Planets.xcdatamodeld */ = {
			isa = XCVersionGroup;
			children = (
				524A1C3A25BD4E4300D3D7FA /* Planets.xcdatamodel */,
			);
			currentVersion = 524A1C3A25BD4E4300D3D7FA /* Planets.xcdatamodel */;
			path = Planets.xcdatamodeld;
			sourceTree = "<group>";
			versionGroupType = wrapper.xcdatamodel;
		};
/* End XCVersionGroup section */
	};
	rootObject = 524A1C2525BD4E4300D3D7FA /* Project object */;
}
